
Microsoft Visual Studio Solution File, Format Version 12.00
# Visual Studio 15
VisualStudioVersion = 15.0.28307.329
MinimumVisualStudioVersion = 10.0.40219.1
Project("{FAE04EC0-301F-11D3-BF4B-00C04F79EFBC}") = "Array Two_dimensional", "Array Two_dimensional\Array Two_dimensional.csproj", "{2585CE30-7FB8-4A75-B518-3C27CA259A44}"
EndProject
Project("{FAE04EC0-301F-11D3-BF4B-00C04F79EFBC}") = "ArrayMultiDim", "ArrayMultiDim\ArrayMultiDim.csproj", "{456293C4-C8AD-4D94-9278-693B1F7A353D}"
EndProject
Project("{FAE04EC0-301F-11D3-BF4B-00C04F79EFBC}") = "Jagged_Array", "Jagged_Array\Jagged_Array.csproj", "{41A7E59E-43E8-4FDF-8F63-30A1B8FE390C}"
EndProject
Project("{FAE04EC0-301F-11D3-BF4B-00C04F79EFBC}") = "Array", "Array\Array.csproj", "{A7FB1C3E-1C96-4FBB-B2FC-900C5380F3AF}"
EndProject
Project("{FAE04EC0-301F-11D3-BF4B-00C04F79EFBC}") = "ClassArray", "ClassArray\ClassArray.csproj", "{EFE20997-FE67-4BBE-B700-15DA2FDE362C}"
EndProject
Project("{FAE04EC0-301F-11D3-BF4B-00C04F79EFBC}") = "VarArrays", "VarArrays\VarArrays.csproj", "{144F6EC3-E7AB-4393-B57A-E0FDAC9F87D6}"
EndProject
Project("{FAE04EC0-301F-11D3-BF4B-00C04F79EFBC}") = "Covariant", "Covariant\Covariant.csproj", "{ADA5D155-BFB3-42DE-8C30-9884A9837FC4}"
EndProject
Global
	GlobalSection(SolutionConfigurationPlatforms) = preSolution
		Debug|Any CPU = Debug|Any CPU
		Release|Any CPU = Release|Any CPU
	EndGlobalSection
	GlobalSection(ProjectConfigurationPlatforms) = postSolution
		{2585CE30-7FB8-4A75-B518-3C27CA259A44}.Debug|Any CPU.ActiveCfg = Debug|Any CPU
		{2585CE30-7FB8-4A75-B518-3C27CA259A44}.Debug|Any CPU.Build.0 = Debug|Any CPU
		{2585CE30-7FB8-4A75-B518-3C27CA259A44}.Release|Any CPU.ActiveCfg = Release|Any CPU
		{2585CE30-7FB8-4A75-B518-3C27CA259A44}.Release|Any CPU.Build.0 = Release|Any CPU
		{456293C4-C8AD-4D94-9278-693B1F7A353D}.Debug|Any CPU.ActiveCfg = Debug|Any CPU
		{456293C4-C8AD-4D94-9278-693B1F7A353D}.Debug|Any CPU.Build.0 = Debug|Any CPU
		{456293C4-C8AD-4D94-9278-693B1F7A353D}.Release|Any CPU.ActiveCfg = Release|Any CPU
		{456293C4-C8AD-4D94-9278-693B1F7A353D}.Release|Any CPU.Build.0 = Release|Any CPU
		{41A7E59E-43E8-4FDF-8F63-30A1B8FE390C}.Debug|Any CPU.ActiveCfg = Debug|Any CPU
		{41A7E59E-43E8-4FDF-8F63-30A1B8FE390C}.Debug|Any CPU.Build.0 = Debug|Any CPU
		{41A7E59E-43E8-4FDF-8F63-30A1B8FE390C}.Release|Any CPU.ActiveCfg = Release|Any CPU
		{41A7E59E-43E8-4FDF-8F63-30A1B8FE390C}.Release|Any CPU.Build.0 = Release|Any CPU
		{A7FB1C3E-1C96-4FBB-B2FC-900C5380F3AF}.Debug|Any CPU.ActiveCfg = Debug|Any CPU
		{A7FB1C3E-1C96-4FBB-B2FC-900C5380F3AF}.Debug|Any CPU.Build.0 = Debug|Any CPU
		{A7FB1C3E-1C96-4FBB-B2FC-900C5380F3AF}.Release|Any CPU.ActiveCfg = Release|Any CPU
		{A7FB1C3E-1C96-4FBB-B2FC-900C5380F3AF}.Release|Any CPU.Build.0 = Release|Any CPU
		{EFE20997-FE67-4BBE-B700-15DA2FDE362C}.Debug|Any CPU.ActiveCfg = Debug|Any CPU
		{EFE20997-FE67-4BBE-B700-15DA2FDE362C}.Debug|Any CPU.Build.0 = Debug|Any CPU
		{EFE20997-FE67-4BBE-B700-15DA2FDE362C}.Release|Any CPU.ActiveCfg = Release|Any CPU
		{EFE20997-FE67-4BBE-B700-15DA2FDE362C}.Release|Any CPU.Build.0 = Release|Any CPU
		{144F6EC3-E7AB-4393-B57A-E0FDAC9F87D6}.Debug|Any CPU.ActiveCfg = Debug|Any CPU
		{144F6EC3-E7AB-4393-B57A-E0FDAC9F87D6}.Debug|Any CPU.Build.0 = Debug|Any CPU
		{144F6EC3-E7AB-4393-B57A-E0FDAC9F87D6}.Release|Any CPU.ActiveCfg = Release|Any CPU
		{144F6EC3-E7AB-4393-B57A-E0FDAC9F87D6}.Release|Any CPU.Build.0 = Release|Any CPU
		{ADA5D155-BFB3-42DE-8C30-9884A9837FC4}.Debug|Any CPU.ActiveCfg = Debug|Any CPU
		{ADA5D155-BFB3-42DE-8C30-9884A9837FC4}.Debug|Any CPU.Build.0 = Debug|Any CPU
		{ADA5D155-BFB3-42DE-8C30-9884A9837FC4}.Release|Any CPU.ActiveCfg = Release|Any CPU
		{ADA5D155-BFB3-42DE-8C30-9884A9837FC4}.Release|Any CPU.Build.0 = Release|Any CPU
	EndGlobalSection
	GlobalSection(SolutionProperties) = preSolution
		HideSolutionNode = FALSE
	EndGlobalSection
	GlobalSection(ExtensibilityGlobals) = postSolution
		SolutionGuid = {FDB5B27E-0A7E-46D4-BEB9-8D135FB19FCE}
	EndGlobalSection
EndGlobal
